
Microsoft Visual Studio Solution File, Format Version 12.00
# Visual Studio Version 17
VisualStudioVersion = 17.0.32126.317
MinimumVisualStudioVersion = 10.0.40219.1
Project("{FAE04EC0-301F-11D3-BF4B-00C04F79EFBC}") = "ProductReviewManagmentWithLinq", "ProductReviewManagmentWithLinq.csproj", "{A6D32BF4-0773-4951-8AB3-6036848784C7}"
EndProject
Global
	GlobalSection(SolutionConfigurationPlatforms) = preSolution
		Debug|Any CPU = Debug|Any CPU
		Release|Any CPU = Release|Any CPU
	EndGlobalSection
	GlobalSection(ProjectConfigurationPlatforms) = postSolution
		{A6D32BF4-0773-4951-8AB3-6036848784C7}.Debug|Any CPU.ActiveCfg = Debug|Any CPU
		{A6D32BF4-0773-4951-8AB3-6036848784C7}.Debug|Any CPU.Build.0 = Debug|Any CPU
		{A6D32BF4-0773-4951-8AB3-6036848784C7}.Release|Any CPU.ActiveCfg = Release|Any CPU
		{A6D32BF4-0773-4951-8AB3-6036848784C7}.Release|Any CPU.Build.0 = Release|Any CPU
	EndGlobalSection
	GlobalSection(SolutionProperties) = preSolution
		HideSolutionNode = FALSE
	EndGlobalSection
	GlobalSection(ExtensibilityGlobals) = postSolution
		SolutionGuid = {817C8D22-60A3-4FE3-A53C-B1A3BC1C962A}
	EndGlobalSection
EndGlobal
